# generated by rye
# use `rye lock` or `rye sync` to update this lockfile
#
# last locked with the following flags:
#   pre: false
#   features: []
#   all-features: false
#   with-sources: false

-e file:.
colorama==0.4.6
    # via radon
mando==0.7.1
    # via radon
radon==6.0.1
    # via code-maintainability-reporter-action
six==1.16.0
    # via mando
